
Microsoft Visual Studio Solution File, Format Version 12.00
# Visual Studio Version 17
VisualStudioVersion = 17.6.33723.286
MinimumVisualStudioVersion = 10.0.40219.1
Project("{9A19103F-16F7-4668-BE54-9A1E7A4F7556}") = "ConsoleApp1", "ConsoleApp1\ConsoleApp1.csproj", "{62A52076-2830-4932-BFBD-CF82E7145804}"
EndProject
Project("{9A19103F-16F7-4668-BE54-9A1E7A4F7556}") = "ConsoleApp2", "ConsoleApp2\ConsoleApp2.csproj", "{60225B49-14E6-4C58-8849-3DC10DD5D315}"
EndProject
Project("{FAE04EC0-301F-11D3-BF4B-00C04F79EFBC}") = "ConsoleApp3", "ConsoleApp3\ConsoleApp3.csproj", "{26FD92C6-87D8-42CF-8729-98162B2830CC}"
EndProject
Project("{FAE04EC0-301F-11D3-BF4B-00C04F79EFBC}") = "ConsoleApp4", "ConsoleApp4\ConsoleApp4.csproj", "{15EBA1A7-E9A3-4869-A867-6F19D155E096}"
EndProject
Project("{FAE04EC0-301F-11D3-BF4B-00C04F79EFBC}") = "ConsoleApp5", "ConsoleApp5\ConsoleApp5.csproj", "{A7990044-E634-4544-B85F-AEC23DA668B7}"
EndProject
Project("{FAE04EC0-301F-11D3-BF4B-00C04F79EFBC}") = "ConsoleApp6", "ConsoleApp6\ConsoleApp6.csproj", "{0C095450-5FE3-4FDE-AC53-9909057E88C7}"
EndProject
Global
	GlobalSection(SolutionConfigurationPlatforms) = preSolution
		Debug|Any CPU = Debug|Any CPU
		Release|Any CPU = Release|Any CPU
	EndGlobalSection
	GlobalSection(ProjectConfigurationPlatforms) = postSolution
		{62A52076-2830-4932-BFBD-CF82E7145804}.Debug|Any CPU.ActiveCfg = Debug|Any CPU
		{62A52076-2830-4932-BFBD-CF82E7145804}.Debug|Any CPU.Build.0 = Debug|Any CPU
		{62A52076-2830-4932-BFBD-CF82E7145804}.Release|Any CPU.ActiveCfg = Release|Any CPU
		{62A52076-2830-4932-BFBD-CF82E7145804}.Release|Any CPU.Build.0 = Release|Any CPU
		{60225B49-14E6-4C58-8849-3DC10DD5D315}.Debug|Any CPU.ActiveCfg = Debug|Any CPU
		{60225B49-14E6-4C58-8849-3DC10DD5D315}.Debug|Any CPU.Build.0 = Debug|Any CPU
		{60225B49-14E6-4C58-8849-3DC10DD5D315}.Release|Any CPU.ActiveCfg = Release|Any CPU
		{60225B49-14E6-4C58-8849-3DC10DD5D315}.Release|Any CPU.Build.0 = Release|Any CPU
		{26FD92C6-87D8-42CF-8729-98162B2830CC}.Debug|Any CPU.ActiveCfg = Debug|Any CPU
		{26FD92C6-87D8-42CF-8729-98162B2830CC}.Debug|Any CPU.Build.0 = Debug|Any CPU
		{26FD92C6-87D8-42CF-8729-98162B2830CC}.Release|Any CPU.ActiveCfg = Release|Any CPU
		{26FD92C6-87D8-42CF-8729-98162B2830CC}.Release|Any CPU.Build.0 = Release|Any CPU
		{15EBA1A7-E9A3-4869-A867-6F19D155E096}.Debug|Any CPU.ActiveCfg = Debug|Any CPU
		{15EBA1A7-E9A3-4869-A867-6F19D155E096}.Debug|Any CPU.Build.0 = Debug|Any CPU
		{15EBA1A7-E9A3-4869-A867-6F19D155E096}.Release|Any CPU.ActiveCfg = Release|Any CPU
		{15EBA1A7-E9A3-4869-A867-6F19D155E096}.Release|Any CPU.Build.0 = Release|Any CPU
		{A7990044-E634-4544-B85F-AEC23DA668B7}.Debug|Any CPU.ActiveCfg = Debug|Any CPU
		{A7990044-E634-4544-B85F-AEC23DA668B7}.Debug|Any CPU.Build.0 = Debug|Any CPU
		{A7990044-E634-4544-B85F-AEC23DA668B7}.Release|Any CPU.ActiveCfg = Release|Any CPU
		{A7990044-E634-4544-B85F-AEC23DA668B7}.Release|Any CPU.Build.0 = Release|Any CPU
		{0C095450-5FE3-4FDE-AC53-9909057E88C7}.Debug|Any CPU.ActiveCfg = Debug|Any CPU
		{0C095450-5FE3-4FDE-AC53-9909057E88C7}.Debug|Any CPU.Build.0 = Debug|Any CPU
		{0C095450-5FE3-4FDE-AC53-9909057E88C7}.Release|Any CPU.ActiveCfg = Release|Any CPU
		{0C095450-5FE3-4FDE-AC53-9909057E88C7}.Release|Any CPU.Build.0 = Release|Any CPU
	EndGlobalSection
	GlobalSection(SolutionProperties) = preSolution
		HideSolutionNode = FALSE
	EndGlobalSection
	GlobalSection(ExtensibilityGlobals) = postSolution
		SolutionGuid = {23127475-A5BD-40F3-97D4-3C5B38D63009}
	EndGlobalSection
EndGlobal
